
Microsoft Visual Studio Solution File, Format Version 12.00
# Visual Studio Version 16
VisualStudioVersion = 16.0.29806.167
MinimumVisualStudioVersion = 10.0.40219.1
Project("{8BC9CEB8-8B4A-11D0-8D11-00A0C91BC942}") = "KaimosEditor", "KaimosEditor\KaimosEditor.vcxproj", "{B75599D4-2818-49A1-AF9D-C44E4C6AA053}"
EndProject
Project("{8BC9CEB8-8B4A-11D0-8D11-00A0C91BC942}") = "KaimosEngine", "KaimosEngine\KaimosEngine.vcxproj", "{B061FA1E-D3F1-434D-A17C-ECEB0245C5CF}"
EndProject
Global
	GlobalSection(SolutionConfigurationPlatforms) = preSolution
		Debug|x64 = Debug|x64
		Release|x64 = Release|x64
	EndGlobalSection
	GlobalSection(ProjectConfigurationPlatforms) = postSolution
		{B061FA1E-D3F1-434D-A17C-ECEB0245C5CF}.Debug|x64.ActiveCfg = Debug|x64
		{B061FA1E-D3F1-434D-A17C-ECEB0245C5CF}.Debug|x64.Build.0 = Debug|x64
		{B061FA1E-D3F1-434D-A17C-ECEB0245C5CF}.Release|x64.ActiveCfg = Release|x64
		{B061FA1E-D3F1-434D-A17C-ECEB0245C5CF}.Release|x64.Build.0 = Release|x64
		{B75599D4-2818-49A1-AF9D-C44E4C6AA053}.Debug|x64.ActiveCfg = Debug|x64
		{B75599D4-2818-49A1-AF9D-C44E4C6AA053}.Debug|x64.Build.0 = Debug|x64
		{B75599D4-2818-49A1-AF9D-C44E4C6AA053}.Release|x64.ActiveCfg = Release|x64
		{B75599D4-2818-49A1-AF9D-C44E4C6AA053}.Release|x64.Build.0 = Release|x64
	EndGlobalSection
	GlobalSection(SolutionProperties) = preSolution
		HideSolutionNode = FALSE
	EndGlobalSection
	GlobalSection(ExtensibilityGlobals) = postSolution
		SolutionGuid = {02364CDF-226D-4AF3-ACB7-A817689CBDB8}
	EndGlobalSection
EndGlobal
