
Microsoft Visual Studio Solution File, Format Version 12.00
# Visual Studio Version 16
Project("{8BC9CEB8-8B4A-11D0-8D11-00A0C91BC942}") = "KaimosEditor", "KaimosEditor\KaimosEditor.vcxproj", "{901F9726-7C82-26CB-2508-5F81114AF24D}"
EndProject
Project("{8BC9CEB8-8B4A-11D0-8D11-00A0C91BC942}") = "KaimosEngine", "KaimosEngine\KaimosEngine.vcxproj", "{DFCC4A27-CB2F-DACB-74B5-128260F7A54E}"
EndProject
Global
	GlobalSection(SolutionConfigurationPlatforms) = preSolution
		Debug|x64 = Debug|x64
		Dist|x64 = Dist|x64
		Release|x64 = Release|x64
	EndGlobalSection
	GlobalSection(ProjectConfigurationPlatforms) = postSolution
		{901F9726-7C82-26CB-2508-5F81114AF24D}.Debug|x64.ActiveCfg = Debug|x64
		{901F9726-7C82-26CB-2508-5F81114AF24D}.Debug|x64.Build.0 = Debug|x64
		{901F9726-7C82-26CB-2508-5F81114AF24D}.Dist|x64.ActiveCfg = Dist|x64
		{901F9726-7C82-26CB-2508-5F81114AF24D}.Dist|x64.Build.0 = Dist|x64
		{901F9726-7C82-26CB-2508-5F81114AF24D}.Release|x64.ActiveCfg = Release|x64
		{901F9726-7C82-26CB-2508-5F81114AF24D}.Release|x64.Build.0 = Release|x64
		{DFCC4A27-CB2F-DACB-74B5-128260F7A54E}.Debug|x64.ActiveCfg = Debug|x64
		{DFCC4A27-CB2F-DACB-74B5-128260F7A54E}.Debug|x64.Build.0 = Debug|x64
		{DFCC4A27-CB2F-DACB-74B5-128260F7A54E}.Dist|x64.ActiveCfg = Dist|x64
		{DFCC4A27-CB2F-DACB-74B5-128260F7A54E}.Dist|x64.Build.0 = Dist|x64
		{DFCC4A27-CB2F-DACB-74B5-128260F7A54E}.Release|x64.ActiveCfg = Release|x64
		{DFCC4A27-CB2F-DACB-74B5-128260F7A54E}.Release|x64.Build.0 = Release|x64
	EndGlobalSection
	GlobalSection(SolutionProperties) = preSolution
		HideSolutionNode = FALSE
	EndGlobalSection
EndGlobal
